PODS:
  - LTExtUIBase (0.1.2):
    - LTRouter (~> 0.1.0)
  - LTRouter (0.1.0)

DEPENDENCIES:
  - LTExtUIBase (from `../`)
  - LTRouter (from `https://github.com/yelon21/LTRouter.git`)

EXTERNAL SOURCES:
  LTExtUIBase:
    :path: "../"
  LTRouter:
    :git: https://github.com/yelon21/LTRouter.git

CHECKOUT OPTIONS:
  LTRouter:
    :commit: 085f81988aa9c864ce67acdec8ae69cac1311595
    :git: https://github.com/yelon21/LTRouter.git

SPEC CHECKSUMS:
  LTExtUIBase: e7de68d0d7b4bdcf067c5937bcb075bc2082c8df
  LTRouter: a606412de0342ce52c9f0dab94edf7597fb2cb7c

PODFILE CHECKSUM: 7d3d8f3f7603480e370c36505d8e4b9cedc952c0

COCOAPODS: 1.6.0.beta.1
